# This file is automatically @generated by Poetry 1.6.1 and should not be changed by hand.

[[package]]
name = "asgiref"
version = "3.8.1"
description = "ASGI specs, helper code, and adapters"
optional = false
python-versions = ">=3.8"
files = [
    {file = "asgiref-3.8.1-py3-none-any.whl", hash = "sha256:3e1e3ecc849832fe52ccf2cb6686b7a55f82bb1d6aee72a58826471390335e47"},
    {file = "asgiref-3.8.1.tar.gz", hash = "sha256:c343bd80a0bec947a9860adb4c432ffa7db769836c64238fc34bdc3fec84d590"},
]

[package.dependencies]
typing-extensions = {version = ">=4", markers = "python_version < \"3.11\""}

[package.extras]
tests = ["mypy (>=0.800)", "pytest", "pytest-asyncio"]

[[package]]
name = "django"
version = "3.0.9"
description = "A high-level Python Web framework that encourages rapid development and clean, pragmatic design."
optional = false
python-versions = ">=3.6"
files = [
    {file = "Django-3.0.9-py3-none-any.whl", hash = "sha256:96fbe04e8ba0df289171e7f6970e0ff8b472bf4f909ed9e0e5beccbac7e1dbbe"},
    {file = "Django-3.0.9.tar.gz", hash = "sha256:c22b4cd8e388f8219dc121f091e53a8701f9f5bca9aa132b5254263cab516215"},
]

[package.dependencies]
asgiref = ">=3.2,<4.0"
pytz = "*"
sqlparse = ">=0.2.2"

[package.extras]
argon2 = ["argon2-cffi (>=16.1.0)"]
bcrypt = ["bcrypt"]

[[package]]
name = "et-xmlfile"
version = "2.0.0"
description = "An implementation of lxml.xmlfile for the standard library"
optional = false
python-versions = ">=3.8"
files = [
    {file = "et_xmlfile-2.0.0-py3-none-any.whl", hash = "sha256:7a91720bc756843502c3b7504c77b8fe44217c85c537d85037f0f536151b2caa"},
    {file = "et_xmlfile-2.0.0.tar.gz", hash = "sha256:dab3f4764309081ce75662649be815c4c9081e88f0837825f90fd28317d4da54"},
]

[[package]]
name = "openpyxl"
version = "3.1.5"
description = "A Python library to read/write Excel 2010 xlsx/xlsm files"
optional = false
python-versions = ">=3.8"
files = [
    {file = "openpyxl-3.1.5-py2.py3-none-any.whl", hash = "sha256:5282c12b107bffeef825f4617dc029afaf41d0ea60823bbb665ef3079dc79de2"},
    {file = "openpyxl-3.1.5.tar.gz", hash = "sha256:cf0e3cf56142039133628b5acffe8ef0c12bc902d2aadd3e0fe5878dc08d1050"},
]

[package.dependencies]
et-xmlfile = "*"

[[package]]
name = "pytz"
version = "2024.2"
description = "World timezone definitions, modern and historical"
optional = false
python-versions = "*"
files = [
    {file = "pytz-2024.2-py2.py3-none-any.whl", hash = "sha256:31c7c1817eb7fae7ca4b8c7ee50c72f93aa2dd863de768e1ef4245d426aa0725"},
    {file = "pytz-2024.2.tar.gz", hash = "sha256:2aa355083c50a0f93fa581709deac0c9ad65cca8a9e9beac660adcbd493c798a"},
]

[[package]]
name = "sqlparse"
version = "0.5.3"
description = "A non-validating SQL parser."
optional = false
python-versions = ">=3.8"
files = [
    {file = "sqlparse-0.5.3-py3-none-any.whl", hash = "sha256:cf2196ed3418f3ba5de6af7e82c694a9fbdbfecccdfc72e281548517081f16ca"},
    {file = "sqlparse-0.5.3.tar.gz", hash = "sha256:09f67787f56a0b16ecdbde1bfc7f5d9c3371ca683cfeaa8e6ff60b4807ec9272"},
]

[package.extras]
dev = ["build", "hatch"]
doc = ["sphinx"]

[[package]]
name = "typing-extensions"
version = "4.12.2"
description = "Backported and Experimental Type Hints for Python 3.8+"
optional = false
python-versions = ">=3.8"
files = [
    {file = "typing_extensions-4.12.2-py3-none-any.whl", hash = "sha256:04e5ca0351e0f3f85c6853954072df659d0d13fac324d0072316b67d7794700d"},
    {file = "typing_extensions-4.12.2.tar.gz", hash = "sha256:1a7ead55c7e559dd4dee8856e3a88b41225abfe1ce8df57b7c13915fe121ffb8"},
]

[[package]]
name = "xlsxwriter"
version = "3.2.0"
description = "A Python module for creating Excel XLSX files."
optional = false
python-versions = ">=3.6"
files = [
    {file = "XlsxWriter-3.2.0-py3-none-any.whl", hash = "sha256:ecfd5405b3e0e228219bcaf24c2ca0915e012ca9464a14048021d21a995d490e"},
    {file = "XlsxWriter-3.2.0.tar.gz", hash = "sha256:9977d0c661a72866a61f9f7a809e25ebbb0fb7036baa3b9fe74afcfca6b3cb8c"},
]

[metadata]
lock-version = "2.0"
python-versions = "^3.10"
content-hash = "6988f8dd04cfd1ab8335ccb36b147c1ae51c637a0f0f9d78ad2137ca59d0a1a5"
